{
  "name": "termigrator",
  "version": "0.4.1",
  "dependencies": {
    "bluebird": {
      "version": "3.4.1",
      "from": "bluebird@latest",
      "resolved": "https://registry.npmjs.org/bluebird/-/bluebird-3.4.1.tgz"
    },
    "retry": {
      "version": "0.10.0",
      "from": "retry@latest",
      "resolved": "https://registry.npmjs.org/retry/-/retry-0.10.0.tgz"
    }
  }
}
