{
  "name": "termigrator",
  "version": "0.4.1",
  "dependencies": {
    "bluebird": {
      "version": "3.4.1",
      "from": "bluebird@latest",
      "resolved": "https://registry.npmjs.org/bluebird/-/bluebird-3.4.1.tgz"
    },
    "retry": {
      "version": "0.10.0",
      "from": "retry@latest",
      "resolved": "https://registry.npmjs.org/retry/-/retry-0.10.0.tgz"
    },
    "source-map": {
      "version": "0.5.6",
      "from": "source-map@>=0.5.0 <0.6.0",
      "resolved": "https://registry.npmjs.org/source-map/-/source-map-0.5.6.tgz"
    },
    "source-map-support": {
      "version": "0.4.8",
      "from": "source-map-support@latest",
      "resolved": "https://registry.npmjs.org/source-map-support/-/source-map-support-0.4.8.tgz"
    }
  }
}
